
Microsoft Visual Studio Solution File, Format Version 12.00
# Visual Studio Version 16
VisualStudioVersion = 16.0.32106.194
MinimumVisualStudioVersion = 10.0.40219.1
Project("{FAE04EC0-301F-11D3-BF4B-00C04F79EFBC}") = "SolarPanelCalculator", "SolarPanelCalculator.csproj", "{C882C729-E780-4AF0-8B07-AA89DA8A8C53}"
EndProject
Global
	GlobalSection(SolutionConfigurationPlatforms) = preSolution
		Debug|Any CPU = Debug|Any CPU
		Release|Any CPU = Release|Any CPU
	EndGlobalSection
	GlobalSection(ProjectConfigurationPlatforms) = postSolution
		{C882C729-E780-4AF0-8B07-AA89DA8A8C53}.Debug|Any CPU.ActiveCfg = Debug|Any CPU
		{C882C729-E780-4AF0-8B07-AA89DA8A8C53}.Debug|Any CPU.Build.0 = Debug|Any CPU
		{C882C729-E780-4AF0-8B07-AA89DA8A8C53}.Release|Any CPU.ActiveCfg = Release|Any CPU
		{C882C729-E780-4AF0-8B07-AA89DA8A8C53}.Release|Any CPU.Build.0 = Release|Any CPU
	EndGlobalSection
	GlobalSection(SolutionProperties) = preSolution
		HideSolutionNode = FALSE
	EndGlobalSection
	GlobalSection(ExtensibilityGlobals) = postSolution
		SolutionGuid = {471CD8F5-7299-42FF-BA9D-6A49D4075EB2}
	EndGlobalSection
EndGlobal
